
Microsoft Visual Studio Solution File, Format Version 12.00
# Visual Studio Version 16
VisualStudioVersion = 16.0.30804.86
MinimumVisualStudioVersion = 10.0.40219.1
Project("{9A19103F-16F7-4668-BE54-9A1E7A4F7556}") = "Shop.Database", "Shop.Database\Shop.Database.csproj", "{208B1A14-30ED-400C-B1C4-BD670B9BF408}"
EndProject
Project("{9A19103F-16F7-4668-BE54-9A1E7A4F7556}") = "Shop.Domain", "Shop.Domain\Shop.Domain.csproj", "{76BF65E7-BB38-40D9-B04F-020DFE1C44D6}"
EndProject
Project("{9A19103F-16F7-4668-BE54-9A1E7A4F7556}") = "Shop.Application", "Shop.Application\Shop.Application.csproj", "{9210B0C5-EA8F-4DE7-BFEB-FE1E9C36E36C}"
EndProject
Project("{9A19103F-16F7-4668-BE54-9A1E7A4F7556}") = "Shop.UI", "Shop.UI\Shop.UI.csproj", "{3C580138-58F4-414B-9D20-00C1B74EC194}"
EndProject
Global
	GlobalSection(SolutionConfigurationPlatforms) = preSolution
		Debug|Any CPU = Debug|Any CPU
		Release|Any CPU = Release|Any CPU
	EndGlobalSection
	GlobalSection(ProjectConfigurationPlatforms) = postSolution
		{208B1A14-30ED-400C-B1C4-BD670B9BF408}.Debug|Any CPU.ActiveCfg = Debug|Any CPU
		{208B1A14-30ED-400C-B1C4-BD670B9BF408}.Debug|Any CPU.Build.0 = Debug|Any CPU
		{208B1A14-30ED-400C-B1C4-BD670B9BF408}.Release|Any CPU.ActiveCfg = Release|Any CPU
		{208B1A14-30ED-400C-B1C4-BD670B9BF408}.Release|Any CPU.Build.0 = Release|Any CPU
		{76BF65E7-BB38-40D9-B04F-020DFE1C44D6}.Debug|Any CPU.ActiveCfg = Debug|Any CPU
		{76BF65E7-BB38-40D9-B04F-020DFE1C44D6}.Debug|Any CPU.Build.0 = Debug|Any CPU
		{76BF65E7-BB38-40D9-B04F-020DFE1C44D6}.Release|Any CPU.ActiveCfg = Release|Any CPU
		{76BF65E7-BB38-40D9-B04F-020DFE1C44D6}.Release|Any CPU.Build.0 = Release|Any CPU
		{9210B0C5-EA8F-4DE7-BFEB-FE1E9C36E36C}.Debug|Any CPU.ActiveCfg = Debug|Any CPU
		{9210B0C5-EA8F-4DE7-BFEB-FE1E9C36E36C}.Debug|Any CPU.Build.0 = Debug|Any CPU
		{9210B0C5-EA8F-4DE7-BFEB-FE1E9C36E36C}.Release|Any CPU.ActiveCfg = Release|Any CPU
		{9210B0C5-EA8F-4DE7-BFEB-FE1E9C36E36C}.Release|Any CPU.Build.0 = Release|Any CPU
		{3C580138-58F4-414B-9D20-00C1B74EC194}.Debug|Any CPU.ActiveCfg = Debug|Any CPU
		{3C580138-58F4-414B-9D20-00C1B74EC194}.Debug|Any CPU.Build.0 = Debug|Any CPU
		{3C580138-58F4-414B-9D20-00C1B74EC194}.Release|Any CPU.ActiveCfg = Release|Any CPU
		{3C580138-58F4-414B-9D20-00C1B74EC194}.Release|Any CPU.Build.0 = Release|Any CPU
	EndGlobalSection
	GlobalSection(SolutionProperties) = preSolution
		HideSolutionNode = FALSE
	EndGlobalSection
	GlobalSection(ExtensibilityGlobals) = postSolution
		SolutionGuid = {59C0CB6C-AEC9-42B2-A32E-7E6B4C664655}
	EndGlobalSection
EndGlobal
